// !$*UTF8*$!
{
	archiveVersion = 1;
	classes = {
	};
	objectVersion = 46;
	objects = {

/* Begin PBXBuildFile section */
		EE67EFEE1B1FEB29003E57EE /* AppDelegate.swift in Sources */ = {isa = PBXBuildFile; fileRef = EE67EFED1B1FEB29003E57EE /* AppDelegate.swift */; };
		EE67EFF01B1FEB29003E57EE /* ViewController.swift in Sources */ = {isa = PBXBuildFile; fileRef = EE67EFEF1B1FEB29003E57EE /* ViewController.swift */; };
		EE67EFF31B1FEB29003E57EE /* Main.storyboard in Resources */ = {isa = PBXBuildFile; fileRef = EE67EFF11B1FEB29003E57EE /* Main.storyboard */; };
		EE67EFF51B1FEB29003E57EE /* Images.xcassets in Resources */ = {isa = PBXBuildFile; fileRef = EE67EFF41B1FEB29003E57EE /* Images.xcassets */; };
		EE67EFF81B1FEB29003E57EE /* LaunchScreen.xib in Resources */ = {isa = PBXBuildFile; fileRef = EE67EFF61B1FEB29003E57EE /* LaunchScreen.xib */; };
		EE67F0041B1FEB29003E57EE /* FirstAppTests.swift in Sources */ = {isa = PBXBuildFile; fileRef = EE67F0031B1FEB29003E57EE /* FirstAppTests.swift */; };
/* End PBXBuildFile section */

/* Begin PBXContainerItemProxy section */
		EE67EFFE1B1FEB29003E57EE /* PBXContainerItemProxy */ = {
			isa = PBXContainerItemProxy;
			containerPortal = EE67EFE01B1FEB29003E57EE /* Project object */;
			proxyType = 1;
			remoteGlobalIDString = EE67EFE71B1FEB29003E57EE;
			remoteInfo = FirstApp;
		};
/* End PBXContainerItemProxy section */

/* Begin PBXFileReference section */
		EE67EFE81B1FEB29003E57EE /* FirstApp.app */ = {isa = PBXFileReference; explicitFileType = wrapper.application; includeInIndex = 0; path = FirstApp.app; sourceTree = BUILT_PRODUCTS_DIR; };
		EE67EFEC1B1FEB29003E57EE /* Info.plist */ = {isa = PBXFileReference; lastKnownFileType = text.plist.xml; path = Info.plist; sourceTree = "<group>"; };
		EE67EFED1B1FEB29003E57EE /* AppDelegate.swift */ = {isa = PBXFileReference; lastKnownFileType = sourcecode.swift; path = AppDelegate.swift; sourceTree = "<group>"; };
		EE67EFEF1B1FEB29003E57EE /* ViewController.swift */ = {isa = PBXFileReference; lastKnownFileType = sourcecode.swift; path = ViewController.swift; sourceTree = "<group>"; };
		EE67EFF21B1FEB29003E57EE /* Base */ = {isa = PBXFileReference; lastKnownFileType = file.storyboard; name = Base; path = Base.lproj/Main.storyboard; sourceTree = "<group>"; };
		EE67EFF41B1FEB29003E57EE /* Images.xcassets */ = {isa = PBXFileReference; lastKnownFileType = folder.assetcatalog; path = Images.xcassets; sourceTree = "<group>"; };
		EE67EFF71B1FEB29003E57EE /* Base */ = {isa = PBXFileReference; lastKnownFileType = file.xib; name = Base; path = Base.lproj/LaunchScreen.xib; sourceTree = "<group>"; };
		EE67EFFD1B1FEB29003E57EE /* FirstAppTests.xctest */ = {isa = PBXFileReference; explicitFileType = wrapper.cfbundle; includeInIndex = 0; path = FirstAppTests.xctest; sourceTree = BUILT_PRODUCTS_DIR; };
		EE67F0021B1FEB29003E57EE /* Info.plist */ = {isa = PBXFileReference; lastKnownFileType = text.plist.xml; path = Info.plist; sourceTree = "<group>"; };
		EE67F0031B1FEB29003E57EE /* FirstAppTests.swift */ = {isa = PBXFileReference; lastKnownFileType = sourcecode.swift; path = FirstAppTests.swift; sourceTree = "<group>"; };
/* End PBXFileReference section */

/* Begin PBXFrameworksBuildPhase section */
		EE67EFE51B1FEB29003E57EE /* Frameworks */ = {
			isa = PBXFrameworksBuildPhase;
			buildActionMask = 2147483647;
			files = (
			);
			runOnlyForDeploymentPostprocessing = 0;
		};
		EE67EFFA1B1FEB29003E57EE /* Frameworks */ = {
			isa = PBXFrameworksBuildPhase;
			buildActionMask = 2147483647;
			files = (
			);
			runOnlyForDeploymentPostprocessing = 0;
		};
/* End PBXFrameworksBuildPhase section */

/* Begin PBXGroup section */
		EE67EFDF1B1FEB29003E57EE = {
			isa = PBXGroup;
			children = (
				EE67EFEA1B1FEB29003E57EE /* FirstApp */,
				EE67F0001B1FEB29003E57EE /* FirstAppTests */,
				EE67EFE91B1FEB29003E57EE /* Products */,
			);
			sourceTree = "<group>";
		};
		EE67EFE91B1FEB29003E57EE /* Products */ = {
			isa = PBXGroup;
			children = (
				EE67EFE81B1FEB29003E57EE /* FirstApp.app */,
				EE67EFFD1B1FEB29003E57EE /* FirstAppTests.xctest */,
			);
			name = Products;
			sourceTree = "<group>";
		};
		EE67EFEA1B1FEB29003E57EE /* FirstApp */ = {
			isa = PBXGroup;
			children = (
				EE67EFED1B1FEB29003E57EE /* AppDelegate.swift */,
				EE67EFEF1B1FEB29003E57EE /* ViewController.swift */,
				EE67EFF11B1FEB29003E57EE /* Main.storyboard */,
				EE67EFF41B1FEB29003E57EE /* Images.xcassets */,
				EE67EFF61B1FEB29003E57EE /* LaunchScreen.xib */,
				EE67EFEB1B1FEB29003E57EE /* Supporting Files */,
			);
			path = FirstApp;
			sourceTree = "<group>";
		};
		EE67EFEB1B1FEB29003E57EE /* Supporting Files */ = {
			isa = PBXGroup;
			children = (
				EE67EFEC1B1FEB29003E57EE /* Info.plist */,
			);
			name = "Supporting Files";
			sourceTree = "<group>";
		};
		EE67F0001B1FEB29003E57EE /* FirstAppTests */ = {
			isa = PBXGroup;
			children = (
				EE67F0031B1FEB29003E57EE /* FirstAppTests.swift */,
				EE67F0011B1FEB29003E57EE /* Supporting Files */,
			);
			path = FirstAppTests;
			sourceTree = "<group>";
		};
		EE67F0011B1FEB29003E57EE /* Supporting Files */ = {
			isa = PBXGroup;
			children = (
				EE67F0021B1FEB29003E57EE /* Info.plist */,
			);
			name = "Supporting Files";
			sourceTree = "<group>";
		};
/* End PBXGroup section */

/* Begin PBXNativeTarget section */
		EE67EFE71B1FEB29003E57EE /* FirstApp */ = {
			isa = PBXNativeTarget;
			buildConfigurationList = EE67F0071B1FEB29003E57EE /* Build configuration list for PBXNativeTarget "FirstApp" */;
			buildPhases = (
				EE67EFE41B1FEB29003E57EE /* Sources */,
				EE67EFE51B1FEB29003E57EE /* Frameworks */,
				EE67EFE61B1FEB29003E57EE /* Resources */,
			);
			buildRules = (
			);
			dependencies = (
			);
			name = FirstApp;
			productName = FirstApp;
			productReference = EE67EFE81B1FEB29003E57EE /* FirstApp.app */;
			productType = "com.apple.product-type.application";
		};
		EE67EFFC1B1FEB29003E57EE /* FirstAppTests */ = {
			isa = PBXNativeTarget;
			buildConfigurationList = EE67F00A1B1FEB29003E57EE /* Build configuration list for PBXNativeTarget "FirstAppTests" */;
			buildPhases = (
				EE67EFF91B1FEB29003E57EE /* Sources */,
				EE67EFFA1B1FEB29003E57EE /* Frameworks */,
				EE67EFFB1B1FEB29003E57EE /* Resources */,
			);
			buildRules = (
			);
			dependencies = (
				EE67EFFF1B1FEB29003E57EE /* PBXTargetDependency */,
			);
			name = FirstAppTests;
			productName = FirstAppTests;
			productReference = EE67EFFD1B1FEB29003E57EE /* FirstAppTests.xctest */;
			productType = "com.apple.product-type.bundle.unit-test";
		};
/* End PBXNativeTarget section */

/* Begin PBXProject section */
		EE67EFE01B1FEB29003E57EE /* Project object */ = {
			isa = PBXProject;
			attributes = {
				LastUpgradeCheck = 0630;
				ORGANIZATIONNAME = "Yong Wang";
				TargetAttributes = {
					EE67EFE71B1FEB29003E57EE = {
						CreatedOnToolsVersion = 6.3.2;
					};
					EE67EFFC1B1FEB29003E57EE = {
						CreatedOnToolsVersion = 6.3.2;
						TestTargetID = EE67EFE71B1FEB29003E57EE;
					};
				};
			};
			buildConfigurationList = EE67EFE31B1FEB29003E57EE /* Build configuration list for PBXProject "FirstApp" */;
			compatibilityVersion = "Xcode 3.2";
			developmentRegion = English;
			hasScannedForEncodings = 0;
			knownRegions = (
				en,
				Base,
			);
			mainGroup = EE67EFDF1B1FEB29003E57EE;
			productRefGroup = EE67EFE91B1FEB29003E57EE /* Products */;
			projectDirPath = "";
			projectRoot = "";
			targets = (
				EE67EFE71B1FEB29003E57EE /* FirstApp */,
				EE67EFFC1B1FEB29003E57EE /* FirstAppTests */,
			);
		};
/* End PBXProject section */

/* Begin PBXResourcesBuildPhase section */
		EE67EFE61B1FEB29003E57EE /* Resources */ = {
			isa = PBXResourcesBuildPhase;
			buildActionMask = 2147483647;
			files = (
				EE67EFF31B1FEB29003E57EE /* Main.storyboard in Resources */,
				EE67EFF81B1FEB29003E57EE /* LaunchScreen.xib in Resources */,
				EE67EFF51B1FEB29003E57EE /* Images.xcassets in Resources */,
			);
			runOnlyForDeploymentPostprocessing = 0;
		};
		EE67EFFB1B1FEB29003E57EE /* Resources */ = {
			isa = PBXResourcesBuildPhase;
			buildActionMask = 2147483647;
			files = (
			);
			runOnlyForDeploymentPostprocessing = 0;
		};
/* End PBXResourcesBuildPhase section */

/* Begin PBXSourcesBuildPhase section */
		EE67EFE41B1FEB29003E57EE /* Sources */ = {
			isa = PBXSourcesBuildPhase;
			buildActionMask = 2147483647;
			files = (
				EE67EFF01B1FEB29003E57EE /* ViewController.swift in Sources */,
				EE67EFEE1B1FEB29003E57EE /* AppDelegate.swift in Sources */,
			);
			runOnlyForDeploymentPostprocessing = 0;
		};
		EE67EFF91B1FEB29003E57EE /* Sources */ = {
			isa = PBXSourcesBuildPhase;
			buildActionMask = 2147483647;
			files = (
				EE67F0041B1FEB29003E57EE /* FirstAppTests.swift in Sources */,
			);
			runOnlyForDeploymentPostprocessing = 0;
		};
/* End PBXSourcesBuildPhase section */

/* Begin PBXTargetDependency section */
		EE67EFFF1B1FEB29003E57EE /* PBXTargetDependency */ = {
			isa = PBXTargetDependency;
			target = EE67EFE71B1FEB29003E57EE /* FirstApp */;
			targetProxy = EE67EFFE1B1FEB29003E57EE /* PBXContainerItemProxy */;
		};
/* End PBXTargetDependency section */

/* Begin PBXVariantGroup section */
		EE67EFF11B1FEB29003E57EE /* Main.storyboard */ = {
			isa = PBXVariantGroup;
			children = (
				EE67EFF21B1FEB29003E57EE /* Base */,
			);
			name = Main.storyboard;
			sourceTree = "<group>";
		};
		EE67EFF61B1FEB29003E57EE /* LaunchScreen.xib */ = {
			isa = PBXVariantGroup;
			children = (
				EE67EFF71B1FEB29003E57EE /* Base */,
			);
			name = LaunchScreen.xib;
			sourceTree = "<group>";
		};
/* End PBXVariantGroup section */

/* Begin XCBuildConfiguration section */
		EE67F0051B1FEB29003E57EE /* Debug */ = {
			isa = XCBuildConfiguration;
			buildSettings = {
				ALWAYS_SEARCH_USER_PATHS = NO;
				CLANG_CXX_LANGUAGE_STANDARD = "gnu++0x";
				CLANG_CXX_LIBRARY = "libc++";
				CLANG_ENABLE_MODULES = YES;
				CLANG_ENABLE_OBJC_ARC = YES;
				CLANG_WARN_BOOL_CONVERSION = YES;
				CLANG_WARN_CONSTANT_CONVERSION = YES;
				CLANG_WARN_DIRECT_OBJC_ISA_USAGE = YES_ERROR;
				CLANG_WARN_EMPTY_BODY = YES;
				CLANG_WARN_ENUM_CONVERSION = YES;
				CLANG_WARN_INT_CONVERSION = YES;
				CLANG_WARN_OBJC_ROOT_CLASS = YES_ERROR;
				CLANG_WARN_UNREACHABLE_CODE = YES;
				CLANG_WARN__DUPLICATE_METHOD_MATCH = YES;
				"CODE_SIGN_IDENTITY[sdk=iphoneos*]" = "iPhone Developer";
				COPY_PHASE_STRIP = NO;
				DEBUG_INFORMATION_FORMAT = "dwarf-with-dsym";
				ENABLE_STRICT_OBJC_MSGSEND = YES;
				GCC_C_LANGUAGE_STANDARD = gnu99;
				GCC_DYNAMIC_NO_PIC = NO;
				GCC_NO_COMMON_BLOCKS = YES;
				GCC_OPTIMIZATION_LEVEL = 0;
				GCC_PREPROCESSOR_DEFINITIONS = (
					"DEBUG=1",
					"$(inherited)",
				);
				GCC_SYMBOLS_PRIVATE_EXTERN = NO;
				GCC_WARN_64_TO_32_BIT_CONVERSION = YES;
				GCC_WARN_ABOUT_RETURN_TYPE = YES_ERROR;
				GCC_WARN_UNDECLARED_SELECTOR = YES;
				GCC_WARN_UNINITIALIZED_AUTOS = YES_AGGRESSIVE;
				GCC_WARN_UNUSED_FUNCTION = YES;
				GCC_WARN_UNUSED_VARIABLE = YES;
				IPHONEOS_DEPLOYMENT_TARGET = 8.3;
				MTL_ENABLE_DEBUG_INFO = YES;
				ONLY_ACTIVE_ARCH = YES;
				SDKROOT = iphoneos;
				SWIFT_OPTIMIZATION_LEVEL = "-Onone";
			};
			name = Debug;
		};
		EE67F0061B1FEB29003E57EE /* Release */ = {
			isa = XCBuildConfiguration;
			buildSettings = {
				ALWAYS_SEARCH_USER_PATHS = NO;
				CLANG_CXX_LANGUAGE_STANDARD = "gnu++0x";
				CLANG_CXX_LIBRARY = "libc++";
				CLANG_ENABLE_MODULES = YES;
				CLANG_ENABLE_OBJC_ARC = YES;
				CLANG_WARN_BOOL_CONVERSION = YES;
				CLANG_WARN_CONSTANT_CONVERSION = YES;
				CLANG_WARN_DIRECT_OBJC_ISA_USAGE = YES_ERROR;
				CLANG_WARN_EMPTY_BODY = YES;
				CLANG_WARN_ENUM_CONVERSION = YES;
				CLANG_WARN_INT_CONVERSION = YES;
				CLANG_WARN_OBJC_ROOT_CLASS = YES_ERROR;
				CLANG_WARN_UNREACHABLE_CODE = YES;
				CLANG_WARN__DUPLICATE_METHOD_MATCH = YES;
				"CODE_SIGN_IDENTITY[sdk=iphoneos*]" = "iPhone Developer";
				COPY_PHASE_STRIP = NO;
				DEBUG_INFORMATION_FORMAT = "dwarf-with-dsym";
				ENABLE_NS_ASSERTIONS = NO;
				ENABLE_STRICT_OBJC_MSGSEND = YES;
				GCC_C_LANGUAGE_STANDARD = gnu99;
				GCC_NO_COMMON_BLOCKS = YES;
				GCC_WARN_64_TO_32_BIT_CONVERSION = YES;
				GCC_WARN_ABOUT_RETURN_TYPE = YES_ERROR;
				GCC_WARN_UNDECLARED_SELECTOR = YES;
				GCC_WARN_UNINITIALIZED_AUTOS = YES_AGGRESSIVE;
				GCC_WARN_UNUSED_FUNCTION = YES;
				GCC_WARN_UNUSED_VARIABLE = YES;
				IPHONEOS_DEPLOYMENT_TARGET = 8.3;
				MTL_ENABLE_DEBUG_INFO = NO;
				SDKROOT = iphoneos;
				VALIDATE_PRODUCT = YES;
			};
			name = Release;
		};
		EE67F0081B1FEB29003E57EE /* Debug */ = {
			isa = XCBuildConfiguration;
			buildSettings = {
				ASSETCATALOG_COMPILER_APPICON_NAME = AppIcon;
				INFOPLIST_FILE = FirstApp/Info.plist;
				LD_RUNPATH_SEARCH_PATHS = "$(inherited) @executable_path/Frameworks";
				PRODUCT_NAME = "$(TARGET_NAME)";
			};
			name = Debug;
		};
		EE67F0091B1FEB29003E57EE /* Release */ = {
			isa = XCBuildConfiguration;
			buildSettings = {
				ASSETCATALOG_COMPILER_APPICON_NAME = AppIcon;
				INFOPLIST_FILE = FirstApp/Info.plist;
				LD_RUNPATH_SEARCH_PATHS = "$(inherited) @executable_path/Frameworks";
				PRODUCT_NAME = "$(TARGET_NAME)";
			};
			name = Release;
		};
		EE67F00B1B1FEB29003E57EE /* Debug */ = {
			isa = XCBuildConfiguration;
			buildSettings = {
				BUNDLE_LOADER = "$(TEST_HOST)";
				FRAMEWORK_SEARCH_PATHS = (
					"$(SDKROOT)/Developer/Library/Frameworks",
					"$(inherited)",
				);
				GCC_PREPROCESSOR_DEFINITIONS = (
					"DEBUG=1",
					"$(inherited)",
				);
				INFOPLIST_FILE = FirstAppTests/Info.plist;
				LD_RUNPATH_SEARCH_PATHS = "$(inherited) @executable_path/Frameworks @loader_path/Frameworks";
				PRODUCT_NAME = "$(TARGET_NAME)";
				TEST_HOST = "$(BUILT_PRODUCTS_DIR)/FirstApp.app/FirstApp";
			};
			name = Debug;
		};
		EE67F00C1B1FEB29003E57EE /* Release */ = {
			isa = XCBuildConfiguration;
			buildSettings = {
				BUNDLE_LOADER = "$(TEST_HOST)";
				FRAMEWORK_SEARCH_PATHS = (
					"$(SDKROOT)/Developer/Library/Frameworks",
					"$(inherited)",
				);
				INFOPLIST_FILE = FirstAppTests/Info.plist;
				LD_RUNPATH_SEARCH_PATHS = "$(inherited) @executable_path/Frameworks @loader_path/Frameworks";
				PRODUCT_NAME = "$(TARGET_NAME)";
				TEST_HOST = "$(BUILT_PRODUCTS_DIR)/FirstApp.app/FirstApp";
			};
			name = Release;
		};
/* End XCBuildConfiguration section */

/* Begin XCConfigurationList section */
		EE67EFE31B1FEB29003E57EE /* Build configuration list for PBXProject "FirstApp" */ = {
			isa = XCConfigurationList;
			buildConfigurations = (
				EE67F0051B1FEB29003E57EE /* Debug */,
				EE67F0061B1FEB29003E57EE /* Release */,
			);
			defaultConfigurationIsVisible = 0;
			defaultConfigurationName = Release;
		};
		EE67F0071B1FEB29003E57EE /* Build configuration list for PBXNativeTarget "FirstApp" */ = {
			isa = XCConfigurationList;
			buildConfigurations = (
				EE67F0081B1FEB29003E57EE /* Debug */,
				EE67F0091B1FEB29003E57EE /* Release */,
			);
			defaultConfigurationIsVisible = 0;
		};
		EE67F00A1B1FEB29003E57EE /* Build configuration list for PBXNativeTarget "FirstAppTests" */ = {
			isa = XCConfigurationList;
			buildConfigurations = (
				EE67F00B1B1FEB29003E57EE /* Debug */,
				EE67F00C1B1FEB29003E57EE /* Release */,
			);
			defaultConfigurationIsVisible = 0;
		};
/* End XCConfigurationList section */
	};
	rootObject = EE67EFE01B1FEB29003E57EE /* Project object */;
}
